
Microsoft Visual Studio Solution File, Format Version 12.00
# Visual Studio Version 17
VisualStudioVersion = 17.12.35521.163 d17.12
MinimumVisualStudioVersion = 10.0.40219.1
Project("{FAE04EC0-301F-11D3-BF4B-00C04F79EFBC}") = "Weapon", "Weapon\Weapon.csproj", "{B18AC440-4F3A-45F5-806A-87B90908A721}"
EndProject
Global
	GlobalSection(SolutionConfigurationPlatforms) = preSolution
		Debug|Any CPU = Debug|Any CPU
		Release|Any CPU = Release|Any CPU
	EndGlobalSection
	GlobalSection(ProjectConfigurationPlatforms) = postSolution
		{B18AC440-4F3A-45F5-806A-87B90908A721}.Debug|Any CPU.ActiveCfg = Debug|Any CPU
		{B18AC440-4F3A-45F5-806A-87B90908A721}.Debug|Any CPU.Build.0 = Debug|Any CPU
		{B18AC440-4F3A-45F5-806A-87B90908A721}.Release|Any CPU.ActiveCfg = Release|Any CPU
		{B18AC440-4F3A-45F5-806A-87B90908A721}.Release|Any CPU.Build.0 = Release|Any CPU
	EndGlobalSection
	GlobalSection(SolutionProperties) = preSolution
		HideSolutionNode = FALSE
	EndGlobalSection
EndGlobal
